
Microsoft Visual Studio Solution File, Format Version 12.00
# Visual Studio 15
VisualStudioVersion = 15.0.28307.438
MinimumVisualStudioVersion = 10.0.40219.1
Project("{9A19103F-16F7-4668-BE54-9A1E7A4F7556}") = "RiskFirst.Percentile", "RiskFirst.Percentile\RiskFirst.Percentile.csproj", "{4F96DB55-B613-468F-AB60-D0847D65891C}"
EndProject
Project("{9A19103F-16F7-4668-BE54-9A1E7A4F7556}") = "WebApi", "WebApi\WebApi.csproj", "{B57158CE-6470-4F7E-B00F-F0B2203F7BD8}"
EndProject
Project("{FAE04EC0-301F-11D3-BF4B-00C04F79EFBC}") = "UnitTest", "UnitTest\UnitTest.csproj", "{8B586E5A-414E-41B2-8667-FCB81ACCC022}"
EndProject
Global
	GlobalSection(SolutionConfigurationPlatforms) = preSolution
		Debug|Any CPU = Debug|Any CPU
		Release|Any CPU = Release|Any CPU
	EndGlobalSection
	GlobalSection(ProjectConfigurationPlatforms) = postSolution
		{4F96DB55-B613-468F-AB60-D0847D65891C}.Debug|Any CPU.ActiveCfg = Debug|Any CPU
		{4F96DB55-B613-468F-AB60-D0847D65891C}.Debug|Any CPU.Build.0 = Debug|Any CPU
		{4F96DB55-B613-468F-AB60-D0847D65891C}.Release|Any CPU.ActiveCfg = Release|Any CPU
		{4F96DB55-B613-468F-AB60-D0847D65891C}.Release|Any CPU.Build.0 = Release|Any CPU
		{B57158CE-6470-4F7E-B00F-F0B2203F7BD8}.Debug|Any CPU.ActiveCfg = Debug|Any CPU
		{B57158CE-6470-4F7E-B00F-F0B2203F7BD8}.Debug|Any CPU.Build.0 = Debug|Any CPU
		{B57158CE-6470-4F7E-B00F-F0B2203F7BD8}.Release|Any CPU.ActiveCfg = Release|Any CPU
		{B57158CE-6470-4F7E-B00F-F0B2203F7BD8}.Release|Any CPU.Build.0 = Release|Any CPU
		{8B586E5A-414E-41B2-8667-FCB81ACCC022}.Debug|Any CPU.ActiveCfg = Debug|Any CPU
		{8B586E5A-414E-41B2-8667-FCB81ACCC022}.Debug|Any CPU.Build.0 = Debug|Any CPU
		{8B586E5A-414E-41B2-8667-FCB81ACCC022}.Release|Any CPU.ActiveCfg = Release|Any CPU
		{8B586E5A-414E-41B2-8667-FCB81ACCC022}.Release|Any CPU.Build.0 = Release|Any CPU
	EndGlobalSection
	GlobalSection(SolutionProperties) = preSolution
		HideSolutionNode = FALSE
	EndGlobalSection
	GlobalSection(ExtensibilityGlobals) = postSolution
		SolutionGuid = {7CBA2DE0-650F-4F3E-A0F0-8D4FDB69DBCC}
	EndGlobalSection
EndGlobal
